
Microsoft Visual Studio Solution File, Format Version 12.00
# Visual Studio Version 17
VisualStudioVersion = 17.3.32929.385
MinimumVisualStudioVersion = 10.0.40219.1
Project("{8BC9CEB8-8B4A-11D0-8D11-00A0C91BC942}") = "StandardIO", "StandardIO\StandardIO.vcxproj", "{902546C1-EEB0-4356-89B4-6B6E67395503}"
EndProject
Project("{8BC9CEB8-8B4A-11D0-8D11-00A0C91BC942}") = "SaveFile", "SaveFile\SaveFile.vcxproj", "{36B6F4FA-E571-4024-8234-F7F39751F474}"
EndProject
Project("{8BC9CEB8-8B4A-11D0-8D11-00A0C91BC942}") = "LoadFIle", "LoadFIle\LoadFIle.vcxproj", "{9D0471F4-2464-40FB-9381-82CE793C9054}"
EndProject
Project("{8BC9CEB8-8B4A-11D0-8D11-00A0C91BC942}") = "StructureFileIO", "StructureFileIO\StructureFileIO.vcxproj", "{53728FCA-65C1-4ECD-9D1A-E4983AFD790D}"
EndProject
Global
	GlobalSection(SolutionConfigurationPlatforms) = preSolution
		Debug|x64 = Debug|x64
		Debug|x86 = Debug|x86
		Release|x64 = Release|x64
		Release|x86 = Release|x86
	EndGlobalSection
	GlobalSection(ProjectConfigurationPlatforms) = postSolution
		{902546C1-EEB0-4356-89B4-6B6E67395503}.Debug|x64.ActiveCfg = Debug|x64
		{902546C1-EEB0-4356-89B4-6B6E67395503}.Debug|x64.Build.0 = Debug|x64
		{902546C1-EEB0-4356-89B4-6B6E67395503}.Debug|x86.ActiveCfg = Debug|Win32
		{902546C1-EEB0-4356-89B4-6B6E67395503}.Debug|x86.Build.0 = Debug|Win32
		{902546C1-EEB0-4356-89B4-6B6E67395503}.Release|x64.ActiveCfg = Release|x64
		{902546C1-EEB0-4356-89B4-6B6E67395503}.Release|x64.Build.0 = Release|x64
		{902546C1-EEB0-4356-89B4-6B6E67395503}.Release|x86.ActiveCfg = Release|Win32
		{902546C1-EEB0-4356-89B4-6B6E67395503}.Release|x86.Build.0 = Release|Win32
		{36B6F4FA-E571-4024-8234-F7F39751F474}.Debug|x64.ActiveCfg = Debug|x64
		{36B6F4FA-E571-4024-8234-F7F39751F474}.Debug|x64.Build.0 = Debug|x64
		{36B6F4FA-E571-4024-8234-F7F39751F474}.Debug|x86.ActiveCfg = Debug|Win32
		{36B6F4FA-E571-4024-8234-F7F39751F474}.Debug|x86.Build.0 = Debug|Win32
		{36B6F4FA-E571-4024-8234-F7F39751F474}.Release|x64.ActiveCfg = Release|x64
		{36B6F4FA-E571-4024-8234-F7F39751F474}.Release|x64.Build.0 = Release|x64
		{36B6F4FA-E571-4024-8234-F7F39751F474}.Release|x86.ActiveCfg = Release|Win32
		{36B6F4FA-E571-4024-8234-F7F39751F474}.Release|x86.Build.0 = Release|Win32
		{9D0471F4-2464-40FB-9381-82CE793C9054}.Debug|x64.ActiveCfg = Debug|x64
		{9D0471F4-2464-40FB-9381-82CE793C9054}.Debug|x64.Build.0 = Debug|x64
		{9D0471F4-2464-40FB-9381-82CE793C9054}.Debug|x86.ActiveCfg = Debug|Win32
		{9D0471F4-2464-40FB-9381-82CE793C9054}.Debug|x86.Build.0 = Debug|Win32
		{9D0471F4-2464-40FB-9381-82CE793C9054}.Release|x64.ActiveCfg = Release|x64
		{9D0471F4-2464-40FB-9381-82CE793C9054}.Release|x64.Build.0 = Release|x64
		{9D0471F4-2464-40FB-9381-82CE793C9054}.Release|x86.ActiveCfg = Release|Win32
		{9D0471F4-2464-40FB-9381-82CE793C9054}.Release|x86.Build.0 = Release|Win32
		{53728FCA-65C1-4ECD-9D1A-E4983AFD790D}.Debug|x64.ActiveCfg = Debug|x64
		{53728FCA-65C1-4ECD-9D1A-E4983AFD790D}.Debug|x64.Build.0 = Debug|x64
		{53728FCA-65C1-4ECD-9D1A-E4983AFD790D}.Debug|x86.ActiveCfg = Debug|Win32
		{53728FCA-65C1-4ECD-9D1A-E4983AFD790D}.Debug|x86.Build.0 = Debug|Win32
		{53728FCA-65C1-4ECD-9D1A-E4983AFD790D}.Release|x64.ActiveCfg = Release|x64
		{53728FCA-65C1-4ECD-9D1A-E4983AFD790D}.Release|x64.Build.0 = Release|x64
		{53728FCA-65C1-4ECD-9D1A-E4983AFD790D}.Release|x86.ActiveCfg = Release|Win32
		{53728FCA-65C1-4ECD-9D1A-E4983AFD790D}.Release|x86.Build.0 = Release|Win32
	EndGlobalSection
	GlobalSection(SolutionProperties) = preSolution
		HideSolutionNode = FALSE
	EndGlobalSection
	GlobalSection(ExtensibilityGlobals) = postSolution
		SolutionGuid = {4F4EB9AB-D701-4A52-B453-C150A871055B}
	EndGlobalSection
EndGlobal
